
Microsoft Visual Studio Solution File, Format Version 12.00
# Visual Studio 14
VisualStudioVersion = 14.0.25420.1
MinimumVisualStudioVersion = 10.0.40219.1
Project("{FAE04EC0-301F-11D3-BF4B-00C04F79EFBC}") = "TestingFrameworkForAngular", "TestingFrameworkForAngular\TestingFrameworkForAngular.csproj", "{A0712F04-D2F7-449B-AF11-355036D799DE}"
EndProject
Project("{FAE04EC0-301F-11D3-BF4B-00C04F79EFBC}") = "AngularTestProject", "AngularTestProject\AngularTestProject.csproj", "{10A5C2C2-CDBB-4FB0-8E44-71992B879C5B}"
EndProject
Global
	GlobalSection(SolutionConfigurationPlatforms) = preSolution
		Debug|Any CPU = Debug|Any CPU
		Release|Any CPU = Release|Any CPU
	EndGlobalSection
	GlobalSection(ProjectConfigurationPlatforms) = postSolution
		{A0712F04-D2F7-449B-AF11-355036D799DE}.Debug|Any CPU.ActiveCfg = Debug|Any CPU
		{A0712F04-D2F7-449B-AF11-355036D799DE}.Debug|Any CPU.Build.0 = Debug|Any CPU
		{A0712F04-D2F7-449B-AF11-355036D799DE}.Release|Any CPU.ActiveCfg = Release|Any CPU
		{A0712F04-D2F7-449B-AF11-355036D799DE}.Release|Any CPU.Build.0 = Release|Any CPU
		{10A5C2C2-CDBB-4FB0-8E44-71992B879C5B}.Debug|Any CPU.ActiveCfg = Debug|Any CPU
		{10A5C2C2-CDBB-4FB0-8E44-71992B879C5B}.Debug|Any CPU.Build.0 = Debug|Any CPU
		{10A5C2C2-CDBB-4FB0-8E44-71992B879C5B}.Release|Any CPU.ActiveCfg = Release|Any CPU
		{10A5C2C2-CDBB-4FB0-8E44-71992B879C5B}.Release|Any CPU.Build.0 = Release|Any CPU
	EndGlobalSection
	GlobalSection(SolutionProperties) = preSolution
		HideSolutionNode = FALSE
	EndGlobalSection
EndGlobal
